
Microsoft Visual Studio Solution File, Format Version 12.00
# Visual Studio Version 17
VisualStudioVersion = 17.3.32901.215
MinimumVisualStudioVersion = 10.0.40219.1
Project("{FAE04EC0-301F-11D3-BF4B-00C04F79EFBC}") = "task", "task\task.csproj", "{571F2B60-78AA-4C89-860A-1A113D261310}"
EndProject
Global
	GlobalSection(SolutionConfigurationPlatforms) = preSolution
		Debug|Any CPU = Debug|Any CPU
		Release|Any CPU = Release|Any CPU
	EndGlobalSection
	GlobalSection(ProjectConfigurationPlatforms) = postSolution
		{571F2B60-78AA-4C89-860A-1A113D261310}.Debug|Any CPU.ActiveCfg = Debug|Any CPU
		{571F2B60-78AA-4C89-860A-1A113D261310}.Debug|Any CPU.Build.0 = Debug|Any CPU
		{571F2B60-78AA-4C89-860A-1A113D261310}.Release|Any CPU.ActiveCfg = Release|Any CPU
		{571F2B60-78AA-4C89-860A-1A113D261310}.Release|Any CPU.Build.0 = Release|Any CPU
	EndGlobalSection
	GlobalSection(SolutionProperties) = preSolution
		HideSolutionNode = FALSE
	EndGlobalSection
	GlobalSection(ExtensibilityGlobals) = postSolution
		SolutionGuid = {D4DBA151-CFC0-47FE-BCB5-8E988981BA76}
	EndGlobalSection
EndGlobal
